// !$*UTF8*$!
{
	archiveVersion = 1;
	classes = {
	};
	objectVersion = 46;
	objects = {

/* Begin PBXBuildFile section */
		227687C71B16154E00AAB1E6 /* EditDetailsViewController.swift in Sources */ = {isa = PBXBuildFile; fileRef = 227687C61B16154E00AAB1E6 /* EditDetailsViewController.swift */; };
		31BE00BE1B197DCA008503CF /* Main.storyboard in Resources */ = {isa = PBXBuildFile; fileRef = 31BE00BD1B197DCA008503CF /* Main.storyboard */; };
		31BE00C01B197DCF008503CF /* LocalStore.swift in Sources */ = {isa = PBXBuildFile; fileRef = 31BE00BF1B197DCF008503CF /* LocalStore.swift */; };
		31BE00C21B197DE6008503CF /* MainScreenViewController.swift in Sources */ = {isa = PBXBuildFile; fileRef = 31BE00C11B197DE6008503CF /* MainScreenViewController.swift */; };
		31BE00C41B197DF2008503CF /* ViewController.swift in Sources */ = {isa = PBXBuildFile; fileRef = 31BE00C31B197DF2008503CF /* ViewController.swift */; };
		407911AD1B0E2AC400A582FF /* AudioToolbox.framework in Frameworks */ = {isa = PBXBuildFile; fileRef = 407911AC1B0E2AC400A582FF /* AudioToolbox.framework */; };
		407911B11B0E2AEE00A582FF /* CFNetwork.framework in Frameworks */ = {isa = PBXBuildFile; fileRef = 407911AE1B0E2AEE00A582FF /* CFNetwork.framework */; };
		407911B21B0E2AEE00A582FF /* CoreGraphics.framework in Frameworks */ = {isa = PBXBuildFile; fileRef = 407911AF1B0E2AEE00A582FF /* CoreGraphics.framework */; };
		407911B31B0E2AEE00A582FF /* CoreLocation.framework in Frameworks */ = {isa = PBXBuildFile; fileRef = 407911B01B0E2AEE00A582FF /* CoreLocation.framework */; };
		407911B51B0E2AF500A582FF /* MobileCoreServices.framework in Frameworks */ = {isa = PBXBuildFile; fileRef = 407911B41B0E2AF500A582FF /* MobileCoreServices.framework */; };
		407911B71B0E2AFC00A582FF /* QuartzCore.framework in Frameworks */ = {isa = PBXBuildFile; fileRef = 407911B61B0E2AFC00A582FF /* QuartzCore.framework */; };
		407911BF1B0E2B2A00A582FF /* Accounts.framework in Frameworks */ = {isa = PBXBuildFile; fileRef = 407911B81B0E2B2A00A582FF /* Accounts.framework */; };
		407911C01B0E2B2A00A582FF /* libsqlite3.dylib in Frameworks */ = {isa = PBXBuildFile; fileRef = 407911B91B0E2B2A00A582FF /* libsqlite3.dylib */; };
		407911C11B0E2B2A00A582FF /* libz.dylib in Frameworks */ = {isa = PBXBuildFile; fileRef = 407911BA1B0E2B2A00A582FF /* libz.dylib */; };
		407911C21B0E2B2A00A582FF /* Security.framework in Frameworks */ = {isa = PBXBuildFile; fileRef = 407911BB1B0E2B2A00A582FF /* Security.framework */; };
		407911C31B0E2B2A00A582FF /* Social.framework in Frameworks */ = {isa = PBXBuildFile; fileRef = 407911BC1B0E2B2A00A582FF /* Social.framework */; };
		407911C51B0E2B2A00A582FF /* SystemConfiguration.framework in Frameworks */ = {isa = PBXBuildFile; fileRef = 407911BE1B0E2B2A00A582FF /* SystemConfiguration.framework */; };
		407CDD951B0FBE4100350500 /* AsyncImageView.m in Sources */ = {isa = PBXBuildFile; fileRef = 407CDD941B0FBE4100350500 /* AsyncImageView.m */; };
		4082116F1B0E292300D567AC /* ParseUI.framework in Frameworks */ = {isa = PBXBuildFile; fileRef = 408211691B0E292300D567AC /* ParseUI.framework */; };
		408211711B0E292300D567AC /* Bolts.framework in Frameworks */ = {isa = PBXBuildFile; fileRef = 4082116B1B0E292300D567AC /* Bolts.framework */; };
		408211761B0E296A00D567AC /* DataManager.swift in Sources */ = {isa = PBXBuildFile; fileRef = 408211751B0E296A00D567AC /* DataManager.swift */; };
		4085BAE91B18E2A4009CB2B7 /* Utils.swift in Sources */ = {isa = PBXBuildFile; fileRef = 4085BAE81B18E2A4009CB2B7 /* Utils.swift */; };
		40CA931A1B125BEB006F3BEA /* ParseCrashReporting.framework in Frameworks */ = {isa = PBXBuildFile; fileRef = 4082116A1B0E292300D567AC /* ParseCrashReporting.framework */; };
		40CA931C1B125C68006F3BEA /* libstdc++.6.dylib in Frameworks */ = {isa = PBXBuildFile; fileRef = 40CA931B1B125C68006F3BEA /* libstdc++.6.dylib */; };
		6E9ECAD01B13BD3D00289D2D /* CreditsViewController.swift in Sources */ = {isa = PBXBuildFile; fileRef = 6E9ECACF1B13BD3D00289D2D /* CreditsViewController.swift */; };
		6EEA0A151B0ED45900B99130 /* MainScreenFooter.swift in Sources */ = {isa = PBXBuildFile; fileRef = 6EEA0A141B0ED45900B99130 /* MainScreenFooter.swift */; };
		7C00D58F1B0E867A00F9B3E7 /* DetailViewController.swift in Sources */ = {isa = PBXBuildFile; fileRef = 7C00D58E1B0E867A00F9B3E7 /* DetailViewController.swift */; };
		7C10849F1B11526E00DCC52E /* NGBrowserViewController.swift in Sources */ = {isa = PBXBuildFile; fileRef = 7C10849D1B11526E00DCC52E /* NGBrowserViewController.swift */; };
		7C1084A01B11526E00DCC52E /* NGBrowserViewController.xib in Resources */ = {isa = PBXBuildFile; fileRef = 7C10849E1B11526E00DCC52E /* NGBrowserViewController.xib */; };
		7C9A052A1B121CD300EC1F11 /* Parse.framework in Frameworks */ = {isa = PBXBuildFile; fileRef = 7C9A05291B121CD300EC1F11 /* Parse.framework */; };
		7C9A052D1B121EA700EC1F11 /* ParseFacebookUtils.framework in Frameworks */ = {isa = PBXBuildFile; fileRef = 7C9A052B1B121EA700EC1F11 /* ParseFacebookUtils.framework */; };
		7C9A052E1B121EA700EC1F11 /* ParseFacebookUtilsV4.framework in Frameworks */ = {isa = PBXBuildFile; fileRef = 7C9A052C1B121EA700EC1F11 /* ParseFacebookUtilsV4.framework */; };
		7C9A05D71B1226B800EC1F11 /* QuickLook.framework in Frameworks */ = {isa = PBXBuildFile; fileRef = 7C9A05D51B12268B00EC1F11 /* QuickLook.framework */; };
		7C9A06961B12325E00EC1F11 /* video_placeholder.png in Resources */ = {isa = PBXBuildFile; fileRef = 7C9A06951B12325E00EC1F11 /* video_placeholder.png */; };
		7C9A06981B12535B00EC1F11 /* MRSocial.swift in Sources */ = {isa = PBXBuildFile; fileRef = 7C9A06971B12535B00EC1F11 /* MRSocial.swift */; };
		C00C27401B0D5C9C008C19AE /* AppDelegate.swift in Sources */ = {isa = PBXBuildFile; fileRef = C00C273F1B0D5C9C008C19AE /* AppDelegate.swift */; };
		C00C27421B0D5C9C008C19AE /* LocationViewController.swift in Sources */ = {isa = PBXBuildFile; fileRef = C00C27411B0D5C9C008C19AE /* LocationViewController.swift */; };
		C00C274A1B0D5C9C008C19AE /* LaunchScreen.xib in Resources */ = {isa = PBXBuildFile; fileRef = C00C27481B0D5C9C008C19AE /* LaunchScreen.xib */; };
		C00C276E1B0D5CEC008C19AE /* QCluster.m in Sources */ = {isa = PBXBuildFile; fileRef = C00C27641B0D5CEC008C19AE /* QCluster.m */; };
		C00C276F1B0D5CEC008C19AE /* QNode.m in Sources */ = {isa = PBXBuildFile; fileRef = C00C27661B0D5CEC008C19AE /* QNode.m */; };
		C00C27701B0D5CEC008C19AE /* QTree.m in Sources */ = {isa = PBXBuildFile; fileRef = C00C27681B0D5CEC008C19AE /* QTree.m */; };
		C00C27711B0D5CEC008C19AE /* QTreeGeometryUtils.m in Sources */ = {isa = PBXBuildFile; fileRef = C00C276A1B0D5CEC008C19AE /* QTreeGeometryUtils.m */; };
		C00C27781B0D5D9E008C19AE /* ClusterAnnotationView.m in Sources */ = {isa = PBXBuildFile; fileRef = C00C27761B0D5D9E008C19AE /* ClusterAnnotationView.m */; };
		C00C277B1B0D63CD008C19AE /* Scholar.swift in Sources */ = {isa = PBXBuildFile; fileRef = C00C277A1B0D63CD008C19AE /* Scholar.swift */; };
		C00C277E1B0D6A8D008C19AE /* ScholarAnnotation.swift in Sources */ = {isa = PBXBuildFile; fileRef = C00C277D1B0D6A8D008C19AE /* ScholarAnnotation.swift */; };
		C099FF4F1B10163D00ECAEE7 /* CustomTableViewCell.swift in Sources */ = {isa = PBXBuildFile; fileRef = C099FF4E1B10163D00ECAEE7 /* CustomTableViewCell.swift */; };
		C0A078D91B1385B800EFCE6B /* BubbleTransition.swift in Sources */ = {isa = PBXBuildFile; fileRef = C0A078D81B1385B800EFCE6B /* BubbleTransition.swift */; };
		C0B7F78D1B0E682600E74458 /* Images.xcassets in Resources */ = {isa = PBXBuildFile; fileRef = C0B7F78C1B0E682600E74458 /* Images.xcassets */; };
		C0DD1D131B19520B0075ACD9 /* NSString+Morphing.m in Sources */ = {isa = PBXBuildFile; fileRef = C0DD1D101B19520B0075ACD9 /* NSString+Morphing.m */; };
		C0DD1D141B19520B0075ACD9 /* TOMSMorphingLabel.m in Sources */ = {isa = PBXBuildFile; fileRef = C0DD1D121B19520B0075ACD9 /* TOMSMorphingLabel.m */; };
		C0DD1D181B1952880075ACD9 /* AZTextHeight.swift in Sources */ = {isa = PBXBuildFile; fileRef = C0DD1D161B1952880075ACD9 /* AZTextHeight.swift */; };
		C0DD1D191B1952880075ACD9 /* TutorialObject.swift in Sources */ = {isa = PBXBuildFile; fileRef = C0DD1D171B1952880075ACD9 /* TutorialObject.swift */; };
		F9007BB91B148D2A00E2BB09 /* AsyncButton.swift in Sources */ = {isa = PBXBuildFile; fileRef = F9007B921B148D2A00E2BB09 /* AsyncButton.swift */; };
		F9007BBA1B148D2A00E2BB09 /* AutoTextView.swift in Sources */ = {isa = PBXBuildFile; fileRef = F9007B931B148D2A00E2BB09 /* AutoTextView.swift */; };
		F9007BBB1B148D2A00E2BB09 /* BlurView.swift in Sources */ = {isa = PBXBuildFile; fileRef = F9007B941B148D2A00E2BB09 /* BlurView.swift */; };
		F9007BBC1B148D2A00E2BB09 /* DesignableButton.swift in Sources */ = {isa = PBXBuildFile; fileRef = F9007B951B148D2A00E2BB09 /* DesignableButton.swift */; };
		F9007BBD1B148D2A00E2BB09 /* DesignableImageView.swift in Sources */ = {isa = PBXBuildFile; fileRef = F9007B961B148D2A00E2BB09 /* DesignableImageView.swift */; };
		F9007BBE1B148D2A00E2BB09 /* DesignableLabel.swift in Sources */ = {isa = PBXBuildFile; fileRef = F9007B971B148D2A00E2BB09 /* DesignableLabel.swift */; };
		F9007BBF1B148D2A00E2BB09 /* DesignableTabBarController.swift in Sources */ = {isa = PBXBuildFile; fileRef = F9007B981B148D2A00E2BB09 /* DesignableTabBarController.swift */; };
		F9007BC01B148D2A00E2BB09 /* DesignableTextField.swift in Sources */ = {isa = PBXBuildFile; fileRef = F9007B991B148D2A00E2BB09 /* DesignableTextField.swift */; };
		F9007BC11B148D2A00E2BB09 /* DesignableTextView.swift in Sources */ = {isa = PBXBuildFile; fileRef = F9007B9A1B148D2A00E2BB09 /* DesignableTextView.swift */; };
		F9007BC21B148D2A00E2BB09 /* DesignableView.swift in Sources */ = {isa = PBXBuildFile; fileRef = F9007B9B1B148D2A00E2BB09 /* DesignableView.swift */; };
		F9007BC31B148D2A00E2BB09 /* DragDropBehavior.swift in Sources */ = {isa = PBXBuildFile; fileRef = F9007B9C1B148D2A00E2BB09 /* DragDropBehavior.swift */; };
		F9007BC41B148D2A00E2BB09 /* ImageLoader.swift in Sources */ = {isa = PBXBuildFile; fileRef = F9007B9D1B148D2A00E2BB09 /* ImageLoader.swift */; };
		F9007BC51B148D2A00E2BB09 /* Info.plist in Resources */ = {isa = PBXBuildFile; fileRef = F9007B9E1B148D2A00E2BB09 /* Info.plist */; };
		F9007BC61B148D2A00E2BB09 /* KeyboardLayoutConstraint.swift in Sources */ = {isa = PBXBuildFile; fileRef = F9007B9F1B148D2A00E2BB09 /* KeyboardLayoutConstraint.swift */; };
		F9007BC71B148D2A00E2BB09 /* LoadingView.swift in Sources */ = {isa = PBXBuildFile; fileRef = F9007BA01B148D2A00E2BB09 /* LoadingView.swift */; };
		F9007BC81B148D2A00E2BB09 /* LoadingView.xib in Resources */ = {isa = PBXBuildFile; fileRef = F9007BA11B148D2A00E2BB09 /* LoadingView.xib */; };
		F9007BC91B148D2A00E2BB09 /* Misc.swift in Sources */ = {isa = PBXBuildFile; fileRef = F9007BA21B148D2A00E2BB09 /* Misc.swift */; };
		F9007BCA1B148D2A00E2BB09 /* SoundPlayer.swift in Sources */ = {isa = PBXBuildFile; fileRef = F9007BA31B148D2A00E2BB09 /* SoundPlayer.swift */; };
		F9007BCB1B148D2A00E2BB09 /* Spring.swift in Sources */ = {isa = PBXBuildFile; fileRef = F9007BA51B148D2A00E2BB09 /* Spring.swift */; };
		F9007BCC1B148D2A00E2BB09 /* SpringAnimation.swift in Sources */ = {isa = PBXBuildFile; fileRef = F9007BA61B148D2A00E2BB09 /* SpringAnimation.swift */; };
		F9007BCD1B148D2A00E2BB09 /* SpringButton.swift in Sources */ = {isa = PBXBuildFile; fileRef = F9007BA71B148D2A00E2BB09 /* SpringButton.swift */; };
		F9007BCE1B148D2A00E2BB09 /* SpringImageView.swift in Sources */ = {isa = PBXBuildFile; fileRef = F9007BA81B148D2A00E2BB09 /* SpringImageView.swift */; };
		F9007BCF1B148D2A00E2BB09 /* SpringLabel.swift in Sources */ = {isa = PBXBuildFile; fileRef = F9007BA91B148D2A00E2BB09 /* SpringLabel.swift */; };
		F9007BD01B148D2A00E2BB09 /* SpringTextField.swift in Sources */ = {isa = PBXBuildFile; fileRef = F9007BAA1B148D2A00E2BB09 /* SpringTextField.swift */; };
		F9007BD11B148D2A00E2BB09 /* SpringTextView.swift in Sources */ = {isa = PBXBuildFile; fileRef = F9007BAB1B148D2A00E2BB09 /* SpringTextView.swift */; };
		F9007BD21B148D2A00E2BB09 /* SpringView.swift in Sources */ = {isa = PBXBuildFile; fileRef = F9007BAC1B148D2A00E2BB09 /* SpringView.swift */; };
		F9007BD31B148D2A00E2BB09 /* TransitionManager.swift in Sources */ = {isa = PBXBuildFile; fileRef = F9007BAD1B148D2A00E2BB09 /* TransitionManager.swift */; };
		F9007BD41B148D2A00E2BB09 /* TransitionZoom.swift in Sources */ = {isa = PBXBuildFile; fileRef = F9007BAE1B148D2A00E2BB09 /* TransitionZoom.swift */; };
		F9007BD51B148D2A00E2BB09 /* UnwindSegue.swift in Sources */ = {isa = PBXBuildFile; fileRef = F9007BAF1B148D2A00E2BB09 /* UnwindSegue.swift */; };
		F9007BD61B148D2A00E2BB09 /* TPKeyboardAvoidingCollectionView.m in Sources */ = {isa = PBXBuildFile; fileRef = F9007BB21B148D2A00E2BB09 /* TPKeyboardAvoidingCollectionView.m */; };
		F9007BD71B148D2A00E2BB09 /* TPKeyboardAvoidingScrollView.m in Sources */ = {isa = PBXBuildFile; fileRef = F9007BB41B148D2A00E2BB09 /* TPKeyboardAvoidingScrollView.m */; };
		F9007BD81B148D2A00E2BB09 /* TPKeyboardAvoidingTableView.m in Sources */ = {isa = PBXBuildFile; fileRef = F9007BB61B148D2A00E2BB09 /* TPKeyboardAvoidingTableView.m */; };
		F9007BD91B148D2A00E2BB09 /* UIScrollView+TPKeyboardAvoidingAdditions.m in Sources */ = {isa = PBXBuildFile; fileRef = F9007BB81B148D2A00E2BB09 /* UIScrollView+TPKeyboardAvoidingAdditions.m */; };
		F9007BDB1B148D6200E2BB09 /* LoginViewController.swift in Sources */ = {isa = PBXBuildFile; fileRef = F9007BDA1B148D6200E2BB09 /* LoginViewController.swift */; };
		FDC821A81B1399C80083872D /* URBMediaFocusViewController.m in Sources */ = {isa = PBXBuildFile; fileRef = FDC821A71B1399C80083872D /* URBMediaFocusViewController.m */; };
/* End PBXBuildFile section */

/* Begin PBXFileReference section */
		227687C61B16154E00AAB1E6 /* EditDetailsViewController.swift */ = {isa = PBXFileReference; fileEncoding = 4; lastKnownFileType = sourcecode.swift; path = EditDetailsViewController.swift; sourceTree = "<group>"; };
		31BE00BD1B197DCA008503CF /* Main.storyboard */ = {isa = PBXFileReference; fileEncoding = 4; lastKnownFileType = file.storyboard; path = Main.storyboard; sourceTree = "<group>"; };
		31BE00BF1B197DCF008503CF /* LocalStore.swift */ = {isa = PBXFileReference; fileEncoding = 4; lastKnownFileType = sourcecode.swift; path = LocalStore.swift; sourceTree = "<group>"; };
		31BE00C11B197DE6008503CF /* MainScreenViewController.swift */ = {isa = PBXFileReference; fileEncoding = 4; lastKnownFileType = sourcecode.swift; path = MainScreenViewController.swift; sourceTree = "<group>"; };
		31BE00C31B197DF2008503CF /* ViewController.swift */ = {isa = PBXFileReference; fileEncoding = 4; lastKnownFileType = sourcecode.swift; path = ViewController.swift; sourceTree = "<group>"; };
		407911AC1B0E2AC400A582FF /* AudioToolbox.framework */ = {isa = PBXFileReference; lastKnownFileType = wrapper.framework; name = AudioToolbox.framework; path = System/Library/Frameworks/AudioToolbox.framework; sourceTree = SDKROOT; };
		407911AE1B0E2AEE00A582FF /* CFNetwork.framework */ = {isa = PBXFileReference; lastKnownFileType = wrapper.framework; name = CFNetwork.framework; path = System/Library/Frameworks/CFNetwork.framework; sourceTree = SDKROOT; };
		407911AF1B0E2AEE00A582FF /* CoreGraphics.framework */ = {isa = PBXFileReference; lastKnownFileType = wrapper.framework; name = CoreGraphics.framework; path = System/Library/Frameworks/CoreGraphics.framework; sourceTree = SDKROOT; };
		407911B01B0E2AEE00A582FF /* CoreLocation.framework */ = {isa = PBXFileReference; lastKnownFileType = wrapper.framework; name = CoreLocation.framework; path = System/Library/Frameworks/CoreLocation.framework; sourceTree = SDKROOT; };
		407911B41B0E2AF500A582FF /* MobileCoreServices.framework */ = {isa = PBXFileReference; lastKnownFileType = wrapper.framework; name = MobileCoreServices.framework; path = System/Library/Frameworks/MobileCoreServices.framework; sourceTree = SDKROOT; };
		407911B61B0E2AFC00A582FF /* QuartzCore.framework */ = {isa = PBXFileReference; lastKnownFileType = wrapper.framework; name = QuartzCore.framework; path = System/Library/Frameworks/QuartzCore.framework; sourceTree = SDKROOT; };
		407911B81B0E2B2A00A582FF /* Accounts.framework */ = {isa = PBXFileReference; lastKnownFileType = wrapper.framework; name = Accounts.framework; path = System/Library/Frameworks/Accounts.framework; sourceTree = SDKROOT; };
		407911B91B0E2B2A00A582FF /* libsqlite3.dylib */ = {isa = PBXFileReference; lastKnownFileType = "compiled.mach-o.dylib"; name = libsqlite3.dylib; path = usr/lib/libsqlite3.dylib; sourceTree = SDKROOT; };
		407911BA1B0E2B2A00A582FF /* libz.dylib */ = {isa = PBXFileReference; lastKnownFileType = "compiled.mach-o.dylib"; name = libz.dylib; path = usr/lib/libz.dylib; sourceTree = SDKROOT; };
		407911BB1B0E2B2A00A582FF /* Security.framework */ = {isa = PBXFileReference; lastKnownFileType = wrapper.framework; name = Security.framework; path = System/Library/Frameworks/Security.framework; sourceTree = SDKROOT; };
		407911BC1B0E2B2A00A582FF /* Social.framework */ = {isa = PBXFileReference; lastKnownFileType = wrapper.framework; name = Social.framework; path = System/Library/Frameworks/Social.framework; sourceTree = SDKROOT; };
		407911BE1B0E2B2A00A582FF /* SystemConfiguration.framework */ = {isa = PBXFileReference; lastKnownFileType = wrapper.framework; name = SystemConfiguration.framework; path = System/Library/Frameworks/SystemConfiguration.framework; sourceTree = SDKROOT; };
		407CDD931B0FBE4100350500 /* AsyncImageView.h */ = {isa = PBXFileReference; fileEncoding = 4; lastKnownFileType = sourcecode.c.h; path = AsyncImageView.h; sourceTree = "<group>"; };
		407CDD941B0FBE4100350500 /* AsyncImageView.m */ = {isa = PBXFileReference; fileEncoding = 4; lastKnownFileType = sourcecode.c.objc; path = AsyncImageView.m; sourceTree = "<group>"; };
		408211691B0E292300D567AC /* ParseUI.framework */ = {isa = PBXFileReference; lastKnownFileType = wrapper.framework; path = ParseUI.framework; sourceTree = "<group>"; };
		4082116A1B0E292300D567AC /* ParseCrashReporting.framework */ = {isa = PBXFileReference; lastKnownFileType = wrapper.framework; path = ParseCrashReporting.framework; sourceTree = "<group>"; };
		4082116B1B0E292300D567AC /* Bolts.framework */ = {isa = PBXFileReference; lastKnownFileType = wrapper.framework; path = Bolts.framework; sourceTree = "<group>"; };
		408211751B0E296A00D567AC /* DataManager.swift */ = {isa = PBXFileReference; fileEncoding = 4; lastKnownFileType = sourcecode.swift; path = DataManager.swift; sourceTree = "<group>"; };
		4085BAE81B18E2A4009CB2B7 /* Utils.swift */ = {isa = PBXFileReference; fileEncoding = 4; lastKnownFileType = sourcecode.swift; path = Utils.swift; sourceTree = "<group>"; };
		40CA931B1B125C68006F3BEA /* libstdc++.6.dylib */ = {isa = PBXFileReference; lastKnownFileType = "compiled.mach-o.dylib"; name = "libstdc++.6.dylib"; path = "usr/lib/libstdc++.6.dylib"; sourceTree = SDKROOT; };
		6E9ECACF1B13BD3D00289D2D /* CreditsViewController.swift */ = {isa = PBXFileReference; fileEncoding = 4; lastKnownFileType = sourcecode.swift; path = CreditsViewController.swift; sourceTree = "<group>"; };
		6EEA0A141B0ED45900B99130 /* MainScreenFooter.swift */ = {isa = PBXFileReference; fileEncoding = 4; lastKnownFileType = sourcecode.swift; path = MainScreenFooter.swift; sourceTree = "<group>"; };
		7C00D58E1B0E867A00F9B3E7 /* DetailViewController.swift */ = {isa = PBXFileReference; fileEncoding = 4; lastKnownFileType = sourcecode.swift; name = DetailViewController.swift; path = Controller/DetailViewController.swift; sourceTree = "<group>"; };
		7C10849D1B11526E00DCC52E /* NGBrowserViewController.swift */ = {isa = PBXFileReference; fileEncoding = 4; lastKnownFileType = sourcecode.swift; path = NGBrowserViewController.swift; sourceTree = "<group>"; };
		7C10849E1B11526E00DCC52E /* NGBrowserViewController.xib */ = {isa = PBXFileReference; fileEncoding = 4; lastKnownFileType = file.xib; path = NGBrowserViewController.xib; sourceTree = "<group>"; };
		7C9A05291B121CD300EC1F11 /* Parse.framework */ = {isa = PBXFileReference; lastKnownFileType = wrapper.framework; path = Parse.framework; sourceTree = "<group>"; };
		7C9A052B1B121EA700EC1F11 /* ParseFacebookUtils.framework */ = {isa = PBXFileReference; lastKnownFileType = wrapper.framework; path = ParseFacebookUtils.framework; sourceTree = "<group>"; };
		7C9A052C1B121EA700EC1F11 /* ParseFacebookUtilsV4.framework */ = {isa = PBXFileReference; lastKnownFileType = wrapper.framework; path = ParseFacebookUtilsV4.framework; sourceTree = "<group>"; };
		7C9A05D51B12268B00EC1F11 /* QuickLook.framework */ = {isa = PBXFileReference; lastKnownFileType = wrapper.framework; name = QuickLook.framework; path = System/Library/Frameworks/QuickLook.framework; sourceTree = SDKROOT; };
		7C9A06951B12325E00EC1F11 /* video_placeholder.png */ = {isa = PBXFileReference; lastKnownFileType = image.png; path = video_placeholder.png; sourceTree = "<group>"; };
		7C9A06971B12535B00EC1F11 /* MRSocial.swift */ = {isa = PBXFileReference; fileEncoding = 4; lastKnownFileType = sourcecode.swift; path = MRSocial.swift; sourceTree = "<group>"; };
		C00C273A1B0D5C9C008C19AE /* WWDC Scholars 2015.app */ = {isa = PBXFileReference; explicitFileType = wrapper.application; includeInIndex = 0; path = "WWDC Scholars 2015.app"; sourceTree = BUILT_PRODUCTS_DIR; };
		C00C273E1B0D5C9C008C19AE /* Info.plist */ = {isa = PBXFileReference; lastKnownFileType = text.plist.xml; path = Info.plist; sourceTree = "<group>"; };
		C00C273F1B0D5C9C008C19AE /* AppDelegate.swift */ = {isa = PBXFileReference; lastKnownFileType = sourcecode.swift; path = AppDelegate.swift; sourceTree = "<group>"; };
		C00C27411B0D5C9C008C19AE /* LocationViewController.swift */ = {isa = PBXFileReference; lastKnownFileType = sourcecode.swift; path = LocationViewController.swift; sourceTree = "<group>"; };
		C00C27491B0D5C9C008C19AE /* Base */ = {isa = PBXFileReference; lastKnownFileType = file.xib; name = Base; path = Base.lproj/LaunchScreen.xib; sourceTree = "<group>"; };
		C00C27541B0D5C9C008C19AE /* Info.plist */ = {isa = PBXFileReference; lastKnownFileType = text.plist.xml; path = Info.plist; sourceTree = "<group>"; };
		C00C27551B0D5C9C008C19AE /* WWDC_Scholars_2015Tests.swift */ = {isa = PBXFileReference; lastKnownFileType = sourcecode.swift; path = WWDC_Scholars_2015Tests.swift; sourceTree = "<group>"; };
		C00C27631B0D5CEB008C19AE /* QCluster.h */ = {isa = PBXFileReference; fileEncoding = 4; lastKnownFileType = sourcecode.c.h; path = QCluster.h; sourceTree = "<group>"; };
		C00C27641B0D5CEC008C19AE /* QCluster.m */ = {isa = PBXFileReference; fileEncoding = 4; lastKnownFileType = sourcecode.c.objc; path = QCluster.m; sourceTree = "<group>"; };
		C00C27651B0D5CEC008C19AE /* QNode.h */ = {isa = PBXFileReference; fileEncoding = 4; lastKnownFileType = sourcecode.c.h; path = QNode.h; sourceTree = "<group>"; };
		C00C27661B0D5CEC008C19AE /* QNode.m */ = {isa = PBXFileReference; fileEncoding = 4; lastKnownFileType = sourcecode.c.objc; path = QNode.m; sourceTree = "<group>"; };
		C00C27671B0D5CEC008C19AE /* QTree.h */ = {isa = PBXFileReference; fileEncoding = 4; lastKnownFileType = sourcecode.c.h; path = QTree.h; sourceTree = "<group>"; };
		C00C27681B0D5CEC008C19AE /* QTree.m */ = {isa = PBXFileReference; fileEncoding = 4; lastKnownFileType = sourcecode.c.objc; path = QTree.m; sourceTree = "<group>"; };
		C00C27691B0D5CEC008C19AE /* QTreeGeometryUtils.h */ = {isa = PBXFileReference; fileEncoding = 4; lastKnownFileType = sourcecode.c.h; path = QTreeGeometryUtils.h; sourceTree = "<group>"; };
		C00C276A1B0D5CEC008C19AE /* QTreeGeometryUtils.m */ = {isa = PBXFileReference; fileEncoding = 4; lastKnownFileType = sourcecode.c.objc; path = QTreeGeometryUtils.m; sourceTree = "<group>"; };
		C00C276B1B0D5CEC008C19AE /* QTreeInsertable.h */ = {isa = PBXFileReference; fileEncoding = 4; lastKnownFileType = sourcecode.c.h; path = QTreeInsertable.h; sourceTree = "<group>"; };
		C00C27751B0D5D37008C19AE /* Header.h */ = {isa = PBXFileReference; fileEncoding = 4; lastKnownFileType = sourcecode.c.h; name = Header.h; path = ../Header.h; sourceTree = "<group>"; };
		C00C27761B0D5D9E008C19AE /* ClusterAnnotationView.m */ = {isa = PBXFileReference; fileEncoding = 4; lastKnownFileType = sourcecode.c.objc; path = ClusterAnnotationView.m; sourceTree = "<group>"; };
		C00C27771B0D5D9E008C19AE /* ClusterAnnotationView.h */ = {isa = PBXFileReference; fileEncoding = 4; lastKnownFileType = sourcecode.c.h; path = ClusterAnnotationView.h; sourceTree = "<group>"; };
		C00C277A1B0D63CD008C19AE /* Scholar.swift */ = {isa = PBXFileReference; fileEncoding = 4; lastKnownFileType = sourcecode.swift; path = Scholar.swift; sourceTree = "<group>"; };
		C00C277D1B0D6A8D008C19AE /* ScholarAnnotation.swift */ = {isa = PBXFileReference; fileEncoding = 4; lastKnownFileType = sourcecode.swift; path = ScholarAnnotation.swift; sourceTree = "<group>"; };
		C068DC261B0F5D890066221E /* WWDC Scholars 2015.entitlements */ = {isa = PBXFileReference; lastKnownFileType = text.xml; path = "WWDC Scholars 2015.entitlements"; sourceTree = "<group>"; };
		C099FF4E1B10163D00ECAEE7 /* CustomTableViewCell.swift */ = {isa = PBXFileReference; fileEncoding = 4; lastKnownFileType = sourcecode.swift; path = CustomTableViewCell.swift; sourceTree = "<group>"; };
		C0A078D81B1385B800EFCE6B /* BubbleTransition.swift */ = {isa = PBXFileReference; fileEncoding = 4; lastKnownFileType = sourcecode.swift; path = BubbleTransition.swift; sourceTree = "<group>"; };
		C0B7F78C1B0E682600E74458 /* Images.xcassets */ = {isa = PBXFileReference; lastKnownFileType = folder.assetcatalog; path = Images.xcassets; sourceTree = "<group>"; };
		C0DD1D0F1B19520B0075ACD9 /* NSString+Morphing.h */ = {isa = PBXFileReference; fileEncoding = 4; lastKnownFileType = sourcecode.c.h; path = "NSString+Morphing.h"; sourceTree = "<group>"; };
		C0DD1D101B19520B0075ACD9 /* NSString+Morphing.m */ = {isa = PBXFileReference; fileEncoding = 4; lastKnownFileType = sourcecode.c.objc; path = "NSString+Morphing.m"; sourceTree = "<group>"; };
		C0DD1D111B19520B0075ACD9 /* TOMSMorphingLabel.h */ = {isa = PBXFileReference; fileEncoding = 4; lastKnownFileType = sourcecode.c.h; path = TOMSMorphingLabel.h; sourceTree = "<group>"; };
		C0DD1D121B19520B0075ACD9 /* TOMSMorphingLabel.m */ = {isa = PBXFileReference; fileEncoding = 4; lastKnownFileType = sourcecode.c.objc; path = TOMSMorphingLabel.m; sourceTree = "<group>"; };
		C0DD1D161B1952880075ACD9 /* AZTextHeight.swift */ = {isa = PBXFileReference; fileEncoding = 4; lastKnownFileType = sourcecode.swift; path = AZTextHeight.swift; sourceTree = "<group>"; };
		C0DD1D171B1952880075ACD9 /* TutorialObject.swift */ = {isa = PBXFileReference; fileEncoding = 4; lastKnownFileType = sourcecode.swift; path = TutorialObject.swift; sourceTree = "<group>"; };
		F9007B921B148D2A00E2BB09 /* AsyncButton.swift */ = {isa = PBXFileReference; fileEncoding = 4; lastKnownFileType = sourcecode.swift; path = AsyncButton.swift; sourceTree = "<group>"; };
		F9007B931B148D2A00E2BB09 /* AutoTextView.swift */ = {isa = PBXFileReference; fileEncoding = 4; lastKnownFileType = sourcecode.swift; path = AutoTextView.swift; sourceTree = "<group>"; };
		F9007B941B148D2A00E2BB09 /* BlurView.swift */ = {isa = PBXFileReference; fileEncoding = 4; lastKnownFileType = sourcecode.swift; path = BlurView.swift; sourceTree = "<group>"; };
		F9007B951B148D2A00E2BB09 /* DesignableButton.swift */ = {isa = PBXFileReference; fileEncoding = 4; lastKnownFileType = sourcecode.swift; path = DesignableButton.swift; sourceTree = "<group>"; };
		F9007B961B148D2A00E2BB09 /* DesignableImageView.swift */ = {isa = PBXFileReference; fileEncoding = 4; lastKnownFileType = sourcecode.swift; path = DesignableImageView.swift; sourceTree = "<group>"; };
		F9007B971B148D2A00E2BB09 /* DesignableLabel.swift */ = {isa = PBXFileReference; fileEncoding = 4; lastKnownFileType = sourcecode.swift; path = DesignableLabel.swift; sourceTree = "<group>"; };
		F9007B981B148D2A00E2BB09 /* DesignableTabBarController.swift */ = {isa = PBXFileReference; fileEncoding = 4; lastKnownFileType = sourcecode.swift; path = DesignableTabBarController.swift; sourceTree = "<group>"; };
		F9007B991B148D2A00E2BB09 /* DesignableTextField.swift */ = {isa = PBXFileReference; fileEncoding = 4; lastKnownFileType = sourcecode.swift; path = DesignableTextField.swift; sourceTree = "<group>"; };
		F9007B9A1B148D2A00E2BB09 /* DesignableTextView.swift */ = {isa = PBXFileReference; fileEncoding = 4; lastKnownFileType = sourcecode.swift; path = DesignableTextView.swift; sourceTree = "<group>"; };
		F9007B9B1B148D2A00E2BB09 /* DesignableView.swift */ = {isa = PBXFileReference; fileEncoding = 4; lastKnownFileType = sourcecode.swift; path = DesignableView.swift; sourceTree = "<group>"; };
		F9007B9C1B148D2A00E2BB09 /* DragDropBehavior.swift */ = {isa = PBXFileReference; fileEncoding = 4; lastKnownFileType = sourcecode.swift; path = DragDropBehavior.swift; sourceTree = "<group>"; };
		F9007B9D1B148D2A00E2BB09 /* ImageLoader.swift */ = {isa = PBXFileReference; fileEncoding = 4; lastKnownFileType = sourcecode.swift; path = ImageLoader.swift; sourceTree = "<group>"; };
		F9007B9E1B148D2A00E2BB09 /* Info.plist */ = {isa = PBXFileReference; fileEncoding = 4; lastKnownFileType = text.plist.xml; path = Info.plist; sourceTree = "<group>"; };
		F9007B9F1B148D2A00E2BB09 /* KeyboardLayoutConstraint.swift */ = {isa = PBXFileReference; fileEncoding = 4; lastKnownFileType = sourcecode.swift; path = KeyboardLayoutConstraint.swift; sourceTree = "<group>"; };
		F9007BA01B148D2A00E2BB09 /* LoadingView.swift */ = {isa = PBXFileReference; fileEncoding = 4; lastKnownFileType = sourcecode.swift; path = LoadingView.swift; sourceTree = "<group>"; };
		F9007BA11B148D2A00E2BB09 /* LoadingView.xib */ = {isa = PBXFileReference; fileEncoding = 4; lastKnownFileType = file.xib; path = LoadingView.xib; sourceTree = "<group>"; };
		F9007BA21B148D2A00E2BB09 /* Misc.swift */ = {isa = PBXFileReference; fileEncoding = 4; lastKnownFileType = sourcecode.swift; path = Misc.swift; sourceTree = "<group>"; };
		F9007BA31B148D2A00E2BB09 /* SoundPlayer.swift */ = {isa = PBXFileReference; fileEncoding = 4; lastKnownFileType = sourcecode.swift; path = SoundPlayer.swift; sourceTree = "<group>"; };
		F9007BA41B148D2A00E2BB09 /* Spring.h */ = {isa = PBXFileReference; fileEncoding = 4; lastKnownFileType = sourcecode.c.h; path = Spring.h; sourceTree = "<group>"; };
		F9007BA51B148D2A00E2BB09 /* Spring.swift */ = {isa = PBXFileReference; fileEncoding = 4; lastKnownFileType = sourcecode.swift; path = Spring.swift; sourceTree = "<group>"; };
		F9007BA61B148D2A00E2BB09 /* SpringAnimation.swift */ = {isa = PBXFileReference; fileEncoding = 4; lastKnownFileType = sourcecode.swift; path = SpringAnimation.swift; sourceTree = "<group>"; };
		F9007BA71B148D2A00E2BB09 /* SpringButton.swift */ = {isa = PBXFileReference; fileEncoding = 4; lastKnownFileType = sourcecode.swift; path = SpringButton.swift; sourceTree = "<group>"; };
		F9007BA81B148D2A00E2BB09 /* SpringImageView.swift */ = {isa = PBXFileReference; fileEncoding = 4; lastKnownFileType = sourcecode.swift; path = SpringImageView.swift; sourceTree = "<group>"; };
		F9007BA91B148D2A00E2BB09 /* SpringLabel.swift */ = {isa = PBXFileReference; fileEncoding = 4; lastKnownFileType = sourcecode.swift; path = SpringLabel.swift; sourceTree = "<group>"; };
		F9007BAA1B148D2A00E2BB09 /* SpringTextField.swift */ = {isa = PBXFileReference; fileEncoding = 4; lastKnownFileType = sourcecode.swift; path = SpringTextField.swift; sourceTree = "<group>"; };
		F9007BAB1B148D2A00E2BB09 /* SpringTextView.swift */ = {isa = PBXFileReference; fileEncoding = 4; lastKnownFileType = sourcecode.swift; path = SpringTextView.swift; sourceTree = "<group>"; };
		F9007BAC1B148D2A00E2BB09 /* SpringView.swift */ = {isa = PBXFileReference; fileEncoding = 4; lastKnownFileType = sourcecode.swift; path = SpringView.swift; sourceTree = "<group>"; };
		F9007BAD1B148D2A00E2BB09 /* TransitionManager.swift */ = {isa = PBXFileReference; fileEncoding = 4; lastKnownFileType = sourcecode.swift; path = TransitionManager.swift; sourceTree = "<group>"; };
		F9007BAE1B148D2A00E2BB09 /* TransitionZoom.swift */ = {isa = PBXFileReference; fileEncoding = 4; lastKnownFileType = sourcecode.swift; path = TransitionZoom.swift; sourceTree = "<group>"; };
		F9007BAF1B148D2A00E2BB09 /* UnwindSegue.swift */ = {isa = PBXFileReference; fileEncoding = 4; lastKnownFileType = sourcecode.swift; path = UnwindSegue.swift; sourceTree = "<group>"; };
		F9007BB11B148D2A00E2BB09 /* TPKeyboardAvoidingCollectionView.h */ = {isa = PBXFileReference; fileEncoding = 4; lastKnownFileType = sourcecode.c.h; path = TPKeyboardAvoidingCollectionView.h; sourceTree = "<group>"; };
		F9007BB21B148D2A00E2BB09 /* TPKeyboardAvoidingCollectionView.m */ = {isa = PBXFileReference; fileEncoding = 4; lastKnownFileType = sourcecode.c.objc; path = TPKeyboardAvoidingCollectionView.m; sourceTree = "<group>"; };
		F9007BB31B148D2A00E2BB09 /* TPKeyboardAvoidingScrollView.h */ = {isa = PBXFileReference; fileEncoding = 4; lastKnownFileType = sourcecode.c.h; path = TPKeyboardAvoidingScrollView.h; sourceTree = "<group>"; };
		F9007BB41B148D2A00E2BB09 /* TPKeyboardAvoidingScrollView.m */ = {isa = PBXFileReference; fileEncoding = 4; lastKnownFileType = sourcecode.c.objc; path = TPKeyboardAvoidingScrollView.m; sourceTree = "<group>"; };
		F9007BB51B148D2A00E2BB09 /* TPKeyboardAvoidingTableView.h */ = {isa = PBXFileReference; fileEncoding = 4; lastKnownFileType = sourcecode.c.h; path = TPKeyboardAvoidingTableView.h; sourceTree = "<group>"; };
		F9007BB61B148D2A00E2BB09 /* TPKeyboardAvoidingTableView.m */ = {isa = PBXFileReference; fileEncoding = 4; lastKnownFileType = sourcecode.c.objc; path = TPKeyboardAvoidingTableView.m; sourceTree = "<group>"; };
		F9007BB71B148D2A00E2BB09 /* UIScrollView+TPKeyboardAvoidingAdditions.h */ = {isa = PBXFileReference; fileEncoding = 4; lastKnownFileType = sourcecode.c.h; path = "UIScrollView+TPKeyboardAvoidingAdditions.h"; sourceTree = "<group>"; };
		F9007BB81B148D2A00E2BB09 /* UIScrollView+TPKeyboardAvoidingAdditions.m */ = {isa = PBXFileReference; fileEncoding = 4; lastKnownFileType = sourcecode.c.objc; path = "UIScrollView+TPKeyboardAvoidingAdditions.m"; sourceTree = "<group>"; };
		F9007BDA1B148D6200E2BB09 /* LoginViewController.swift */ = {isa = PBXFileReference; fileEncoding = 4; lastKnownFileType = sourcecode.swift; path = LoginViewController.swift; sourceTree = "<group>"; };
		FDC821A61B1399C80083872D /* URBMediaFocusViewController.h */ = {isa = PBXFileReference; fileEncoding = 4; lastKnownFileType = sourcecode.c.h; path = URBMediaFocusViewController.h; sourceTree = "<group>"; };
		FDC821A71B1399C80083872D /* URBMediaFocusViewController.m */ = {isa = PBXFileReference; fileEncoding = 4; lastKnownFileType = sourcecode.c.objc; path = URBMediaFocusViewController.m; sourceTree = "<group>"; };
/* End PBXFileReference section */

/* Begin PBXFrameworksBuildPhase section */
		C00C27371B0D5C9C008C19AE /* Frameworks */ = {
			isa = PBXFrameworksBuildPhase;
			buildActionMask = 2147483647;
			files = (
				40CA931C1B125C68006F3BEA /* libstdc++.6.dylib in Frameworks */,
				7C9A05D71B1226B800EC1F11 /* QuickLook.framework in Frameworks */,
				407911BF1B0E2B2A00A582FF /* Accounts.framework in Frameworks */,
				407911C01B0E2B2A00A582FF /* libsqlite3.dylib in Frameworks */,
				7C9A052E1B121EA700EC1F11 /* ParseFacebookUtilsV4.framework in Frameworks */,
				7C9A052D1B121EA700EC1F11 /* ParseFacebookUtils.framework in Frameworks */,
				407911C11B0E2B2A00A582FF /* libz.dylib in Frameworks */,
				407911C21B0E2B2A00A582FF /* Security.framework in Frameworks */,
				407911C31B0E2B2A00A582FF /* Social.framework in Frameworks */,
				407911C51B0E2B2A00A582FF /* SystemConfiguration.framework in Frameworks */,
				407911B71B0E2AFC00A582FF /* QuartzCore.framework in Frameworks */,
				40CA931A1B125BEB006F3BEA /* ParseCrashReporting.framework in Frameworks */,
				407911B51B0E2AF500A582FF /* MobileCoreServices.framework in Frameworks */,
				407911B11B0E2AEE00A582FF /* CFNetwork.framework in Frameworks */,
				407911B21B0E2AEE00A582FF /* CoreGraphics.framework in Frameworks */,
				407911B31B0E2AEE00A582FF /* CoreLocation.framework in Frameworks */,
				407911AD1B0E2AC400A582FF /* AudioToolbox.framework in Frameworks */,
				4082116F1B0E292300D567AC /* ParseUI.framework in Frameworks */,
				7C9A052A1B121CD300EC1F11 /* Parse.framework in Frameworks */,
				408211711B0E292300D567AC /* Bolts.framework in Frameworks */,
			);
			runOnlyForDeploymentPostprocessing = 0;
		};
/* End PBXFrameworksBuildPhase section */

/* Begin PBXGroup section */
		227687C81B16155900AAB1E6 /* Edit Details */ = {
			isa = PBXGroup;
			children = (
				227687C61B16154E00AAB1E6 /* EditDetailsViewController.swift */,
			);
			name = "Edit Details";
			sourceTree = "<group>";
		};
		407911AB1B0E29CC00A582FF /* Managers */ = {
			isa = PBXGroup;
			children = (
				408211751B0E296A00D567AC /* DataManager.swift */,
			);
			name = Managers;
			sourceTree = "<group>";
		};
		407911C61B0E2B3100A582FF /* iOS libs */ = {
			isa = PBXGroup;
			children = (
				7C9A05D51B12268B00EC1F11 /* QuickLook.framework */,
				407911B81B0E2B2A00A582FF /* Accounts.framework */,
				407911B91B0E2B2A00A582FF /* libsqlite3.dylib */,
				407911BA1B0E2B2A00A582FF /* libz.dylib */,
				407911BB1B0E2B2A00A582FF /* Security.framework */,
				407911BC1B0E2B2A00A582FF /* Social.framework */,
				407911BE1B0E2B2A00A582FF /* SystemConfiguration.framework */,
				407911B61B0E2AFC00A582FF /* QuartzCore.framework */,
				407911B41B0E2AF500A582FF /* MobileCoreServices.framework */,
				407911AE1B0E2AEE00A582FF /* CFNetwork.framework */,
				407911AF1B0E2AEE00A582FF /* CoreGraphics.framework */,
				407911B01B0E2AEE00A582FF /* CoreLocation.framework */,
				407911AC1B0E2AC400A582FF /* AudioToolbox.framework */,
			);
			name = "iOS libs";
			path = ..;
			sourceTree = "<group>";
		};
		407CDD921B0FBE4100350500 /* AsyncImageView */ = {
			isa = PBXGroup;
			children = (
				407CDD931B0FBE4100350500 /* AsyncImageView.h */,
				407CDD941B0FBE4100350500 /* AsyncImageView.m */,
			);
			path = AsyncImageView;
			sourceTree = "<group>";
		};
		408211631B0E032C00D567AC /* MainScreen */ = {
			isa = PBXGroup;
			children = (
				6EEA0A141B0ED45900B99130 /* MainScreenFooter.swift */,
				31BE00C11B197DE6008503CF /* MainScreenViewController.swift */,
			);
			name = MainScreen;
			sourceTree = "<group>";
		};
		408211741B0E292800D567AC /* Parse */ = {
			isa = PBXGroup;
			children = (
				7C9A052B1B121EA700EC1F11 /* ParseFacebookUtils.framework */,
				7C9A052C1B121EA700EC1F11 /* ParseFacebookUtilsV4.framework */,
				7C9A05291B121CD300EC1F11 /* Parse.framework */,
				407911C61B0E2B3100A582FF /* iOS libs */,
				408211691B0E292300D567AC /* ParseUI.framework */,
				4082116A1B0E292300D567AC /* ParseCrashReporting.framework */,
				4082116B1B0E292300D567AC /* Bolts.framework */,
			);
			name = Parse;
			sourceTree = "<group>";
		};
		6E9ECAD11B13BD4400289D2D /* Credits */ = {
			isa = PBXGroup;
			children = (
				6E9ECACF1B13BD3D00289D2D /* CreditsViewController.swift */,
			);
			name = Credits;
			sourceTree = "<group>";
		};
		7C00D58D1B0E860A00F9B3E7 /* DetailView */ = {
			isa = PBXGroup;
			children = (
				7C00D58E1B0E867A00F9B3E7 /* DetailViewController.swift */,
			);
			name = DetailView;
			sourceTree = "<group>";
		};
		7C1084A11B11527200DCC52E /* Browser */ = {
			isa = PBXGroup;
			children = (
				7C10849D1B11526E00DCC52E /* NGBrowserViewController.swift */,
				7C10849E1B11526E00DCC52E /* NGBrowserViewController.xib */,
			);
			name = Browser;
			sourceTree = "<group>";
		};
		AA58B36BDE81C38F46C9476F /* Frameworks */ = {
			isa = PBXGroup;
			children = (
				40CA931B1B125C68006F3BEA /* libstdc++.6.dylib */,
			);
			name = Frameworks;
			sourceTree = "<group>";
		};
		C00C27311B0D5C9C008C19AE = {
			isa = PBXGroup;
			children = (
				C00C273C1B0D5C9C008C19AE /* WWDC Scholars 2015 */,
				C00C27521B0D5C9C008C19AE /* WWDC Scholars 2015Tests */,
				C00C273B1B0D5C9C008C19AE /* Products */,
				AA58B36BDE81C38F46C9476F /* Frameworks */,
			);
			sourceTree = "<group>";
		};
		C00C273B1B0D5C9C008C19AE /* Products */ = {
			isa = PBXGroup;
			children = (
				C00C273A1B0D5C9C008C19AE /* WWDC Scholars 2015.app */,
			);
			name = Products;
			sourceTree = "<group>";
		};
		C00C273C1B0D5C9C008C19AE /* WWDC Scholars 2015 */ = {
			isa = PBXGroup;
			children = (
				C068DC261B0F5D890066221E /* WWDC Scholars 2015.entitlements */,
				C00C27731B0D5CF1008C19AE /* Library */,
				C00C277C1B0D63D6008C19AE /* Model */,
				C00C27791B0D5E10008C19AE /* Controller */,
				C00C273D1B0D5C9C008C19AE /* Supporting Files */,
				407911AB1B0E29CC00A582FF /* Managers */,
			);
			path = "WWDC Scholars 2015";
			sourceTree = "<group>";
		};
		C00C273D1B0D5C9C008C19AE /* Supporting Files */ = {
			isa = PBXGroup;
			children = (
				31BE00BF1B197DCF008503CF /* LocalStore.swift */,
				7C9A06951B12325E00EC1F11 /* video_placeholder.png */,
				C00C273F1B0D5C9C008C19AE /* AppDelegate.swift */,
				31BE00BD1B197DCA008503CF /* Main.storyboard */,
				C0B7F78C1B0E682600E74458 /* Images.xcassets */,
				C00C27751B0D5D37008C19AE /* Header.h */,
				C00C27481B0D5C9C008C19AE /* LaunchScreen.xib */,
				C00C273E1B0D5C9C008C19AE /* Info.plist */,
				4085BAE81B18E2A4009CB2B7 /* Utils.swift */,
			);
			name = "Supporting Files";
			sourceTree = "<group>";
		};
		C00C27521B0D5C9C008C19AE /* WWDC Scholars 2015Tests */ = {
			isa = PBXGroup;
			children = (
				C00C27551B0D5C9C008C19AE /* WWDC_Scholars_2015Tests.swift */,
				C00C27531B0D5C9C008C19AE /* Supporting Files */,
			);
			path = "WWDC Scholars 2015Tests";
			sourceTree = "<group>";
		};
		C00C27531B0D5C9C008C19AE /* Supporting Files */ = {
			isa = PBXGroup;
			children = (
				C00C27541B0D5C9C008C19AE /* Info.plist */,
			);
			name = "Supporting Files";
			sourceTree = "<group>";
		};
		C00C275F1B0D5CEB008C19AE /* QTree-objc */ = {
			isa = PBXGroup;
			children = (
				C00C27611B0D5CEB008C19AE /* QTree */,
			);
			path = "QTree-objc";
			sourceTree = "<group>";
		};
		C00C27611B0D5CEB008C19AE /* QTree */ = {
			isa = PBXGroup;
			children = (
				C00C27621B0D5CEB008C19AE /* QTree */,
			);
			path = QTree;
			sourceTree = "<group>";
		};
		C00C27621B0D5CEB008C19AE /* QTree */ = {
			isa = PBXGroup;
			children = (
				C00C27631B0D5CEB008C19AE /* QCluster.h */,
				C00C27641B0D5CEC008C19AE /* QCluster.m */,
				C00C27651B0D5CEC008C19AE /* QNode.h */,
				C00C27661B0D5CEC008C19AE /* QNode.m */,
				C00C27671B0D5CEC008C19AE /* QTree.h */,
				C00C27681B0D5CEC008C19AE /* QTree.m */,
				C00C27691B0D5CEC008C19AE /* QTreeGeometryUtils.h */,
				C00C276A1B0D5CEC008C19AE /* QTreeGeometryUtils.m */,
				C00C276B1B0D5CEC008C19AE /* QTreeInsertable.h */,
				C00C27761B0D5D9E008C19AE /* ClusterAnnotationView.m */,
				C00C27771B0D5D9E008C19AE /* ClusterAnnotationView.h */,
			);
			path = QTree;
			sourceTree = "<group>";
		};
		C00C27731B0D5CF1008C19AE /* Library */ = {
			isa = PBXGroup;
			children = (
				C0DD1D151B1952120075ACD9 /* TOMSMorphingLabel */,
				C0D2684A1B14C2620062B7C4 /* URBMediaFocus */,
				7C9A06971B12535B00EC1F11 /* MRSocial.swift */,
				F9007B911B148D2A00E2BB09 /* Spring */,
				F9007BB01B148D2A00E2BB09 /* TPKeyboardAvoiding */,
				C0A078DA1B1388ED00EFCE6B /* BubbleTransition */,
				407CDD921B0FBE4100350500 /* AsyncImageView */,
				408211741B0E292800D567AC /* Parse */,
				C00C275F1B0D5CEB008C19AE /* QTree-objc */,
			);
			name = Library;
			sourceTree = "<group>";
		};
		C00C27791B0D5E10008C19AE /* Controller */ = {
			isa = PBXGroup;
			children = (
				C0D2684D1B14C2850062B7C4 /* Intro */,
				227687C81B16155900AAB1E6 /* Edit Details */,
				F9007BDC1B148D6900E2BB09 /* Login */,
				6E9ECAD11B13BD4400289D2D /* Credits */,
				7C1084A11B11527200DCC52E /* Browser */,
				7C00D58D1B0E860A00F9B3E7 /* DetailView */,
				408211631B0E032C00D567AC /* MainScreen */,
				C0C6CBB31B0D6AA500A00796 /* MapViewController */,
			);
			name = Controller;
			sourceTree = "<group>";
		};
		C00C277C1B0D63D6008C19AE /* Model */ = {
			isa = PBXGroup;
			children = (
				C00C277A1B0D63CD008C19AE /* Scholar.swift */,
			);
			name = Model;
			sourceTree = "<group>";
		};
		C0A078DA1B1388ED00EFCE6B /* BubbleTransition */ = {
			isa = PBXGroup;
			children = (
				C0A078D81B1385B800EFCE6B /* BubbleTransition.swift */,
			);
			name = BubbleTransition;
			sourceTree = "<group>";
		};
		C0C6CBB31B0D6AA500A00796 /* MapViewController */ = {
			isa = PBXGroup;
			children = (
				C00C27411B0D5C9C008C19AE /* LocationViewController.swift */,
				C099FF4E1B10163D00ECAEE7 /* CustomTableViewCell.swift */,
				C00C277D1B0D6A8D008C19AE /* ScholarAnnotation.swift */,
			);
			name = MapViewController;
			sourceTree = "<group>";
		};
		C0D2684A1B14C2620062B7C4 /* URBMediaFocus */ = {
			isa = PBXGroup;
			children = (
				FDC821A61B1399C80083872D /* URBMediaFocusViewController.h */,
				FDC821A71B1399C80083872D /* URBMediaFocusViewController.m */,
			);
			name = URBMediaFocus;
			sourceTree = "<group>";
		};
		C0D2684D1B14C2850062B7C4 /* Intro */ = {
			isa = PBXGroup;
			children = (
				C0DD1D161B1952880075ACD9 /* AZTextHeight.swift */,
				C0DD1D171B1952880075ACD9 /* TutorialObject.swift */,
				31BE00C31B197DF2008503CF /* ViewController.swift */,
			);
			name = Intro;
			sourceTree = "<group>";
		};
		C0DD1D151B1952120075ACD9 /* TOMSMorphingLabel */ = {
			isa = PBXGroup;
			children = (
				C0DD1D0F1B19520B0075ACD9 /* NSString+Morphing.h */,
				C0DD1D101B19520B0075ACD9 /* NSString+Morphing.m */,
				C0DD1D111B19520B0075ACD9 /* TOMSMorphingLabel.h */,
				C0DD1D121B19520B0075ACD9 /* TOMSMorphingLabel.m */,
			);
			name = TOMSMorphingLabel;
			sourceTree = "<group>";
		};
		F9007B911B148D2A00E2BB09 /* Spring */ = {
			isa = PBXGroup;
			children = (
				F9007B921B148D2A00E2BB09 /* AsyncButton.swift */,
				F9007B931B148D2A00E2BB09 /* AutoTextView.swift */,
				F9007B941B148D2A00E2BB09 /* BlurView.swift */,
				F9007B951B148D2A00E2BB09 /* DesignableButton.swift */,
				F9007B961B148D2A00E2BB09 /* DesignableImageView.swift */,
				F9007B971B148D2A00E2BB09 /* DesignableLabel.swift */,
				F9007B981B148D2A00E2BB09 /* DesignableTabBarController.swift */,
				F9007B991B148D2A00E2BB09 /* DesignableTextField.swift */,
				F9007B9A1B148D2A00E2BB09 /* DesignableTextView.swift */,
				F9007B9B1B148D2A00E2BB09 /* DesignableView.swift */,
				F9007B9C1B148D2A00E2BB09 /* DragDropBehavior.swift */,
				F9007B9D1B148D2A00E2BB09 /* ImageLoader.swift */,
				F9007B9E1B148D2A00E2BB09 /* Info.plist */,
				F9007B9F1B148D2A00E2BB09 /* KeyboardLayoutConstraint.swift */,
				F9007BA01B148D2A00E2BB09 /* LoadingView.swift */,
				F9007BA11B148D2A00E2BB09 /* LoadingView.xib */,
				F9007BA21B148D2A00E2BB09 /* Misc.swift */,
				F9007BA31B148D2A00E2BB09 /* SoundPlayer.swift */,
				F9007BA41B148D2A00E2BB09 /* Spring.h */,
				F9007BA51B148D2A00E2BB09 /* Spring.swift */,
				F9007BA61B148D2A00E2BB09 /* SpringAnimation.swift */,
				F9007BA71B148D2A00E2BB09 /* SpringButton.swift */,
				F9007BA81B148D2A00E2BB09 /* SpringImageView.swift */,
				F9007BA91B148D2A00E2BB09 /* SpringLabel.swift */,
				F9007BAA1B148D2A00E2BB09 /* SpringTextField.swift */,
				F9007BAB1B148D2A00E2BB09 /* SpringTextView.swift */,
				F9007BAC1B148D2A00E2BB09 /* SpringView.swift */,
				F9007BAD1B148D2A00E2BB09 /* TransitionManager.swift */,
				F9007BAE1B148D2A00E2BB09 /* TransitionZoom.swift */,
				F9007BAF1B148D2A00E2BB09 /* UnwindSegue.swift */,
			);
			path = Spring;
			sourceTree = "<group>";
		};
		F9007BB01B148D2A00E2BB09 /* TPKeyboardAvoiding */ = {
			isa = PBXGroup;
			children = (
				F9007BB11B148D2A00E2BB09 /* TPKeyboardAvoidingCollectionView.h */,
				F9007BB21B148D2A00E2BB09 /* TPKeyboardAvoidingCollectionView.m */,
				F9007BB31B148D2A00E2BB09 /* TPKeyboardAvoidingScrollView.h */,
				F9007BB41B148D2A00E2BB09 /* TPKeyboardAvoidingScrollView.m */,
				F9007BB51B148D2A00E2BB09 /* TPKeyboardAvoidingTableView.h */,
				F9007BB61B148D2A00E2BB09 /* TPKeyboardAvoidingTableView.m */,
				F9007BB71B148D2A00E2BB09 /* UIScrollView+TPKeyboardAvoidingAdditions.h */,
				F9007BB81B148D2A00E2BB09 /* UIScrollView+TPKeyboardAvoidingAdditions.m */,
			);
			path = TPKeyboardAvoiding;
			sourceTree = "<group>";
		};
		F9007BDC1B148D6900E2BB09 /* Login */ = {
			isa = PBXGroup;
			children = (
				F9007BDA1B148D6200E2BB09 /* LoginViewController.swift */,
			);
			name = Login;
			sourceTree = "<group>";
		};
/* End PBXGroup section */

/* Begin PBXNativeTarget section */
		C00C27391B0D5C9C008C19AE /* WWDC Scholars 2015 */ = {
			isa = PBXNativeTarget;
			buildConfigurationList = C00C27591B0D5C9C008C19AE /* Build configuration list for PBXNativeTarget "WWDC Scholars 2015" */;
			buildPhases = (
				C00C27361B0D5C9C008C19AE /* Sources */,
				C00C27371B0D5C9C008C19AE /* Frameworks */,
				C00C27381B0D5C9C008C19AE /* Resources */,
			);
			buildRules = (
			);
			dependencies = (
			);
			name = "WWDC Scholars 2015";
			productName = "WWDC Scholars 2015";
			productReference = C00C273A1B0D5C9C008C19AE /* WWDC Scholars 2015.app */;
			productType = "com.apple.product-type.application";
		};
/* End PBXNativeTarget section */

/* Begin PBXProject section */
		C00C27321B0D5C9C008C19AE /* Project object */ = {
			isa = PBXProject;
			attributes = {
				LastUpgradeCheck = 0630;
				ORGANIZATIONNAME = "WWDC-Scholars";
				TargetAttributes = {
					C00C27391B0D5C9C008C19AE = {
						CreatedOnToolsVersion = 6.3.1;
						DevelopmentTeam = YQ3FQN6Z53;
						SystemCapabilities = {
							com.apple.ApplicationGroups.iOS = {
								enabled = 0;
							};
							com.apple.InAppPurchase = {
								enabled = 0;
							};
						};
					};
				};
			};
			buildConfigurationList = C00C27351B0D5C9C008C19AE /* Build configuration list for PBXProject "WWDC Scholars 2015" */;
			compatibilityVersion = "Xcode 3.2";
			developmentRegion = English;
			hasScannedForEncodings = 0;
			knownRegions = (
				en,
				Base,
			);
			mainGroup = C00C27311B0D5C9C008C19AE;
			productRefGroup = C00C273B1B0D5C9C008C19AE /* Products */;
			projectDirPath = "";
			projectRoot = "";
			targets = (
				C00C27391B0D5C9C008C19AE /* WWDC Scholars 2015 */,
			);
		};
/* End PBXProject section */

/* Begin PBXResourcesBuildPhase section */
		C00C27381B0D5C9C008C19AE /* Resources */ = {
			isa = PBXResourcesBuildPhase;
			buildActionMask = 2147483647;
			files = (
				31BE00BE1B197DCA008503CF /* Main.storyboard in Resources */,
				7C1084A01B11526E00DCC52E /* NGBrowserViewController.xib in Resources */,
				F9007BC51B148D2A00E2BB09 /* Info.plist in Resources */,
				7C9A06961B12325E00EC1F11 /* video_placeholder.png in Resources */,
				F9007BC81B148D2A00E2BB09 /* LoadingView.xib in Resources */,
				C0B7F78D1B0E682600E74458 /* Images.xcassets in Resources */,
				C00C274A1B0D5C9C008C19AE /* LaunchScreen.xib in Resources */,
			);
			runOnlyForDeploymentPostprocessing = 0;
		};
/* End PBXResourcesBuildPhase section */

/* Begin PBXSourcesBuildPhase section */
		C00C27361B0D5C9C008C19AE /* Sources */ = {
			isa = PBXSourcesBuildPhase;
			buildActionMask = 2147483647;
			files = (
				F9007BBF1B148D2A00E2BB09 /* DesignableTabBarController.swift in Sources */,
				7C10849F1B11526E00DCC52E /* NGBrowserViewController.swift in Sources */,
				C00C276E1B0D5CEC008C19AE /* QCluster.m in Sources */,
				F9007BCC1B148D2A00E2BB09 /* SpringAnimation.swift in Sources */,
				F9007BC91B148D2A00E2BB09 /* Misc.swift in Sources */,
				31BE00C21B197DE6008503CF /* MainScreenViewController.swift in Sources */,
				C00C27711B0D5CEC008C19AE /* QTreeGeometryUtils.m in Sources */,
				C00C27421B0D5C9C008C19AE /* LocationViewController.swift in Sources */,
				F9007BD91B148D2A00E2BB09 /* UIScrollView+TPKeyboardAvoidingAdditions.m in Sources */,
				F9007BBD1B148D2A00E2BB09 /* DesignableImageView.swift in Sources */,
				F9007BC21B148D2A00E2BB09 /* DesignableView.swift in Sources */,
				F9007BBA1B148D2A00E2BB09 /* AutoTextView.swift in Sources */,
				C0DD1D181B1952880075ACD9 /* AZTextHeight.swift in Sources */,
				7C00D58F1B0E867A00F9B3E7 /* DetailViewController.swift in Sources */,
				F9007BCB1B148D2A00E2BB09 /* Spring.swift in Sources */,
				C00C27781B0D5D9E008C19AE /* ClusterAnnotationView.m in Sources */,
				F9007BC41B148D2A00E2BB09 /* ImageLoader.swift in Sources */,
				F9007BD71B148D2A00E2BB09 /* TPKeyboardAvoidingScrollView.m in Sources */,
				C00C277E1B0D6A8D008C19AE /* ScholarAnnotation.swift in Sources */,
				F9007BD11B148D2A00E2BB09 /* SpringTextView.swift in Sources */,
				C0DD1D131B19520B0075ACD9 /* NSString+Morphing.m in Sources */,
				F9007BD81B148D2A00E2BB09 /* TPKeyboardAvoidingTableView.m in Sources */,
				227687C71B16154E00AAB1E6 /* EditDetailsViewController.swift in Sources */,
				F9007BD31B148D2A00E2BB09 /* TransitionManager.swift in Sources */,
				31BE00C01B197DCF008503CF /* LocalStore.swift in Sources */,
				C099FF4F1B10163D00ECAEE7 /* CustomTableViewCell.swift in Sources */,
				F9007BCF1B148D2A00E2BB09 /* SpringLabel.swift in Sources */,
				7C9A06981B12535B00EC1F11 /* MRSocial.swift in Sources */,
				F9007BBC1B148D2A00E2BB09 /* DesignableButton.swift in Sources */,
				F9007BC31B148D2A00E2BB09 /* DragDropBehavior.swift in Sources */,
				31BE00C41B197DF2008503CF /* ViewController.swift in Sources */,
				F9007BC61B148D2A00E2BB09 /* KeyboardLayoutConstraint.swift in Sources */,
				F9007BC71B148D2A00E2BB09 /* LoadingView.swift in Sources */,
				6EEA0A151B0ED45900B99130 /* MainScreenFooter.swift in Sources */,
				C00C277B1B0D63CD008C19AE /* Scholar.swift in Sources */,
				6E9ECAD01B13BD3D00289D2D /* CreditsViewController.swift in Sources */,
				C0DD1D191B1952880075ACD9 /* TutorialObject.swift in Sources */,
				F9007BB91B148D2A00E2BB09 /* AsyncButton.swift in Sources */,
				F9007BD61B148D2A00E2BB09 /* TPKeyboardAvoidingCollectionView.m in Sources */,
				408211761B0E296A00D567AC /* DataManager.swift in Sources */,
				4085BAE91B18E2A4009CB2B7 /* Utils.swift in Sources */,
				C00C27701B0D5CEC008C19AE /* QTree.m in Sources */,
				F9007BD01B148D2A00E2BB09 /* SpringTextField.swift in Sources */,
				F9007BC01B148D2A00E2BB09 /* DesignableTextField.swift in Sources */,
				F9007BDB1B148D6200E2BB09 /* LoginViewController.swift in Sources */,
				F9007BCA1B148D2A00E2BB09 /* SoundPlayer.swift in Sources */,
				C00C27401B0D5C9C008C19AE /* AppDelegate.swift in Sources */,
				F9007BBB1B148D2A00E2BB09 /* BlurView.swift in Sources */,
				FDC821A81B1399C80083872D /* URBMediaFocusViewController.m in Sources */,
				F9007BD51B148D2A00E2BB09 /* UnwindSegue.swift in Sources */,
				C00C276F1B0D5CEC008C19AE /* QNode.m in Sources */,
				F9007BCD1B148D2A00E2BB09 /* SpringButton.swift in Sources */,
				407CDD951B0FBE4100350500 /* AsyncImageView.m in Sources */,
				F9007BD21B148D2A00E2BB09 /* SpringView.swift in Sources */,
				C0DD1D141B19520B0075ACD9 /* TOMSMorphingLabel.m in Sources */,
				F9007BC11B148D2A00E2BB09 /* DesignableTextView.swift in Sources */,
				F9007BCE1B148D2A00E2BB09 /* SpringImageView.swift in Sources */,
				F9007BBE1B148D2A00E2BB09 /* DesignableLabel.swift in Sources */,
				C0A078D91B1385B800EFCE6B /* BubbleTransition.swift in Sources */,
				F9007BD41B148D2A00E2BB09 /* TransitionZoom.swift in Sources */,
			);
			runOnlyForDeploymentPostprocessing = 0;
		};
/* End PBXSourcesBuildPhase section */

/* Begin PBXVariantGroup section */
		C00C27481B0D5C9C008C19AE /* LaunchScreen.xib */ = {
			isa = PBXVariantGroup;
			children = (
				C00C27491B0D5C9C008C19AE /* Base */,
			);
			name = LaunchScreen.xib;
			sourceTree = "<group>";
		};
/* End PBXVariantGroup section */

/* Begin XCBuildConfiguration section */
		C00C27571B0D5C9C008C19AE /* Debug */ = {
			isa = XCBuildConfiguration;
			buildSettings = {
				ALWAYS_SEARCH_USER_PATHS = NO;
				CLANG_CXX_LANGUAGE_STANDARD = "gnu++0x";
				CLANG_CXX_LIBRARY = "libc++";
				CLANG_ENABLE_MODULES = YES;
				CLANG_ENABLE_OBJC_ARC = YES;
				CLANG_WARN_BOOL_CONVERSION = YES;
				CLANG_WARN_CONSTANT_CONVERSION = YES;
				CLANG_WARN_DIRECT_OBJC_ISA_USAGE = YES_ERROR;
				CLANG_WARN_EMPTY_BODY = YES;
				CLANG_WARN_ENUM_CONVERSION = YES;
				CLANG_WARN_INT_CONVERSION = YES;
				CLANG_WARN_OBJC_ROOT_CLASS = YES_ERROR;
				CLANG_WARN_UNREACHABLE_CODE = YES;
				CLANG_WARN__DUPLICATE_METHOD_MATCH = YES;
				CODE_SIGN_IDENTITY = "iPhone Developer: Andrew Walker (885Z2MA8CF)";
				"CODE_SIGN_IDENTITY[sdk=iphoneos*]" = "iPhone Developer: Andrew Walker (885Z2MA8CF)";
				COPY_PHASE_STRIP = NO;
				DEBUG_INFORMATION_FORMAT = "dwarf-with-dsym";
				ENABLE_STRICT_OBJC_MSGSEND = YES;
				FRAMEWORK_SEARCH_PATHS = "./**";
				GCC_C_LANGUAGE_STANDARD = gnu99;
				GCC_DYNAMIC_NO_PIC = NO;
				GCC_NO_COMMON_BLOCKS = YES;
				GCC_OPTIMIZATION_LEVEL = 0;
				GCC_PREPROCESSOR_DEFINITIONS = (
					"DEBUG=1",
					"$(inherited)",
				);
				GCC_SYMBOLS_PRIVATE_EXTERN = NO;
				GCC_WARN_64_TO_32_BIT_CONVERSION = YES;
				GCC_WARN_ABOUT_RETURN_TYPE = YES_ERROR;
				GCC_WARN_UNDECLARED_SELECTOR = YES;
				GCC_WARN_UNINITIALIZED_AUTOS = YES_AGGRESSIVE;
				GCC_WARN_UNUSED_FUNCTION = YES;
				GCC_WARN_UNUSED_VARIABLE = YES;
				IPHONEOS_DEPLOYMENT_TARGET = 8.3;
				MTL_ENABLE_DEBUG_INFO = YES;
				ONLY_ACTIVE_ARCH = YES;
				SDKROOT = iphoneos;
				SWIFT_OPTIMIZATION_LEVEL = "-Onone";
				TARGETED_DEVICE_FAMILY = "1,2";
			};
			name = Debug;
		};
		C00C27581B0D5C9C008C19AE /* Release */ = {
			isa = XCBuildConfiguration;
			buildSettings = {
				ALWAYS_SEARCH_USER_PATHS = NO;
				CLANG_CXX_LANGUAGE_STANDARD = "gnu++0x";
				CLANG_CXX_LIBRARY = "libc++";
				CLANG_ENABLE_MODULES = YES;
				CLANG_ENABLE_OBJC_ARC = YES;
				CLANG_WARN_BOOL_CONVERSION = YES;
				CLANG_WARN_CONSTANT_CONVERSION = YES;
				CLANG_WARN_DIRECT_OBJC_ISA_USAGE = YES_ERROR;
				CLANG_WARN_EMPTY_BODY = YES;
				CLANG_WARN_ENUM_CONVERSION = YES;
				CLANG_WARN_INT_CONVERSION = YES;
				CLANG_WARN_OBJC_ROOT_CLASS = YES_ERROR;
				CLANG_WARN_UNREACHABLE_CODE = YES;
				CLANG_WARN__DUPLICATE_METHOD_MATCH = YES;
				CODE_SIGN_IDENTITY = "iPhone Developer: Andrew Walker (885Z2MA8CF)";
				"CODE_SIGN_IDENTITY[sdk=iphoneos*]" = "iPhone Developer: Andrew Walker (885Z2MA8CF)";
				COPY_PHASE_STRIP = NO;
				DEBUG_INFORMATION_FORMAT = "dwarf-with-dsym";
				ENABLE_NS_ASSERTIONS = NO;
				ENABLE_STRICT_OBJC_MSGSEND = YES;
				FRAMEWORK_SEARCH_PATHS = "./**";
				GCC_C_LANGUAGE_STANDARD = gnu99;
				GCC_NO_COMMON_BLOCKS = YES;
				GCC_WARN_64_TO_32_BIT_CONVERSION = YES;
				GCC_WARN_ABOUT_RETURN_TYPE = YES_ERROR;
				GCC_WARN_UNDECLARED_SELECTOR = YES;
				GCC_WARN_UNINITIALIZED_AUTOS = YES_AGGRESSIVE;
				GCC_WARN_UNUSED_FUNCTION = YES;
				GCC_WARN_UNUSED_VARIABLE = YES;
				IPHONEOS_DEPLOYMENT_TARGET = 8.3;
				MTL_ENABLE_DEBUG_INFO = NO;
				SDKROOT = iphoneos;
				TARGETED_DEVICE_FAMILY = "1,2";
				VALIDATE_PRODUCT = YES;
			};
			name = Release;
		};
		C00C275A1B0D5C9C008C19AE /* Debug */ = {
			isa = XCBuildConfiguration;
			buildSettings = {
				ASSETCATALOG_COMPILER_APPICON_NAME = AppIcon;
				CLANG_CXX_LIBRARY = "libc++";
				CODE_SIGN_IDENTITY = "iPhone Developer";
				"CODE_SIGN_IDENTITY[sdk=iphoneos*]" = "iPhone Developer";
				FRAMEWORK_SEARCH_PATHS = "./**";
				HEADER_SEARCH_PATHS = "$(inherited)";
				INFOPLIST_FILE = "WWDC Scholars 2015/Info.plist";
				LD_RUNPATH_SEARCH_PATHS = "$(inherited) @executable_path/Frameworks";
				LIBRARY_SEARCH_PATHS = (
					"$(inherited)",
					"$(PROJECT_DIR)/build/Debug-iphoneos",
				);
				ONLY_ACTIVE_ARCH = NO;
				OTHER_CFLAGS = "$(inherited)";
				OTHER_LDFLAGS = (
					"$(inherited)",
					"-framework",
					"\"AssetsLibrary\"",
					"-framework",
					"\"CoreGraphics\"",
					"-framework",
					"\"ImageIO\"",
					"-framework",
					"\"MapKit\"",
					"-framework",
					"\"MessageUI\"",
					"-framework",
					"\"QuartzCore\"",
					"-framework",
					"\"UIKit\"",
				);
				PRODUCT_NAME = "$(TARGET_NAME)";
				PROVISIONING_PROFILE = "";
				SWIFT_OBJC_BRIDGING_HEADER = Header.h;
			};
			name = Debug;
		};
		C00C275B1B0D5C9C008C19AE /* Release */ = {
			isa = XCBuildConfiguration;
			buildSettings = {
				ASSETCATALOG_COMPILER_APPICON_NAME = AppIcon;
				CLANG_CXX_LIBRARY = "libc++";
				CODE_SIGN_IDENTITY = "iPhone Developer";
				"CODE_SIGN_IDENTITY[sdk=iphoneos*]" = "iPhone Developer";
				FRAMEWORK_SEARCH_PATHS = "./**";
				HEADER_SEARCH_PATHS = "$(inherited)";
				INFOPLIST_FILE = "WWDC Scholars 2015/Info.plist";
				LD_RUNPATH_SEARCH_PATHS = "$(inherited) @executable_path/Frameworks";
				LIBRARY_SEARCH_PATHS = (
					"$(inherited)",
					"$(PROJECT_DIR)/build/Debug-iphoneos",
				);
				ONLY_ACTIVE_ARCH = NO;
				OTHER_CFLAGS = "$(inherited)";
				OTHER_LDFLAGS = (
					"$(inherited)",
					"-framework",
					"\"AssetsLibrary\"",
					"-framework",
					"\"CoreGraphics\"",
					"-framework",
					"\"ImageIO\"",
					"-framework",
					"\"MapKit\"",
					"-framework",
					"\"MessageUI\"",
					"-framework",
					"\"QuartzCore\"",
					"-framework",
					"\"UIKit\"",
				);
				PRODUCT_NAME = "$(TARGET_NAME)";
				PROVISIONING_PROFILE = "";
				SWIFT_OBJC_BRIDGING_HEADER = Header.h;
			};
			name = Release;
		};
/* End XCBuildConfiguration section */

/* Begin XCConfigurationList section */
		C00C27351B0D5C9C008C19AE /* Build configuration list for PBXProject "WWDC Scholars 2015" */ = {
			isa = XCConfigurationList;
			buildConfigurations = (
				C00C27571B0D5C9C008C19AE /* Debug */,
				C00C27581B0D5C9C008C19AE /* Release */,
			);
			defaultConfigurationIsVisible = 0;
			defaultConfigurationName = Release;
		};
		C00C27591B0D5C9C008C19AE /* Build configuration list for PBXNativeTarget "WWDC Scholars 2015" */ = {
			isa = XCConfigurationList;
			buildConfigurations = (
				C00C275A1B0D5C9C008C19AE /* Debug */,
				C00C275B1B0D5C9C008C19AE /* Release */,
			);
			defaultConfigurationIsVisible = 0;
			defaultConfigurationName = Release;
		};
/* End XCConfigurationList section */
	};
	rootObject = C00C27321B0D5C9C008C19AE /* Project object */;
}
